
Microsoft Visual Studio Solution File, Format Version 12.00
# Visual Studio Version 17
VisualStudioVersion = 17.8.34511.84
MinimumVisualStudioVersion = 10.0.40219.1
Project("{F184B08F-C81C-45F6-A57F-5ABD9991F28F}") = "SystemSales", "SystemSales.vbproj", "{A68E0B13-DD74-4D2B-A27A-15B6701F8D16}"
EndProject
Global
	GlobalSection(SolutionConfigurationPlatforms) = preSolution
		Debug|Any CPU = Debug|Any CPU
		Release|Any CPU = Release|Any CPU
	EndGlobalSection
	GlobalSection(ProjectConfigurationPlatforms) = postSolution
		{A68E0B13-DD74-4D2B-A27A-15B6701F8D16}.Debug|Any CPU.ActiveCfg = Debug|Any CPU
		{A68E0B13-DD74-4D2B-A27A-15B6701F8D16}.Debug|Any CPU.Build.0 = Debug|Any CPU
		{A68E0B13-DD74-4D2B-A27A-15B6701F8D16}.Release|Any CPU.ActiveCfg = Release|Any CPU
		{A68E0B13-DD74-4D2B-A27A-15B6701F8D16}.Release|Any CPU.Build.0 = Release|Any CPU
	EndGlobalSection
	GlobalSection(SolutionProperties) = preSolution
		HideSolutionNode = FALSE
	EndGlobalSection
	GlobalSection(ExtensibilityGlobals) = postSolution
		SolutionGuid = {94BF2853-D0F2-43A2-9CF6-19A51F87DE08}
	EndGlobalSection
EndGlobal
